lockfileVersion: '9.0'

settings:
  autoInstallPeers: true
  excludeLinksFromLockfile: false

importers:

  .:
    devDependencies:
      '@tailwindcss/oxide':
        specifier: ^4.1.11
        version: 4.1.11

packages:

  '@isaacs/fs-minipass@4.0.1':
    resolution: {integrity: sha512-wgm9Ehl2jpeqP3zw/7mo3kRHFp5MEDhqAdwy1fTGkHAwnkGOVsgpvQhL8B5n1qlb01jV3n/bI0ZfZp5lWA1k4w==}
    engines: {node: '>=18.0.0'}

  '@tailwindcss/oxide-android-arm64@4.1.11':
    resolution: {integrity: sha512-3IfFuATVRUMZZprEIx9OGDjG3Ou3jG4xQzNTvjDoKmU9JdmoCohQJ83MYd0GPnQIu89YoJqvMM0G3uqLRFtetg==}
    engines: {node: '>= 10'}
    cpu: [arm64]
    os: [android]

  '@tailwindcss/oxide-darwin-arm64@4.1.11':
    resolution: {integrity: sha512-ESgStEOEsyg8J5YcMb1xl8WFOXfeBmrhAwGsFxxB2CxY9evy63+AtpbDLAyRkJnxLy2WsD1qF13E97uQyP1lfQ==}
    engines: {node: '>= 10'}
    cpu: [arm64]
    os: [darwin]

  '@tailwindcss/oxide-darwin-x64@4.1.11':
    resolution: {integrity: sha512-EgnK8kRchgmgzG6jE10UQNaH9Mwi2n+yw1jWmof9Vyg2lpKNX2ioe7CJdf9M5f8V9uaQxInenZkOxnTVL3fhAw==}
    engines: {node: '>= 10'}
    cpu: [x64]
    os: [darwin]

  '@tailwindcss/oxide-freebsd-x64@4.1.11':
    resolution: {integrity: sha512-xdqKtbpHs7pQhIKmqVpxStnY1skuNh4CtbcyOHeX1YBE0hArj2romsFGb6yUmzkq/6M24nkxDqU8GYrKrz+UcA==}
    engines: {node: '>= 10'}
    cpu: [x64]
    os: [freebsd]

  '@tailwindcss/oxide-linux-arm-gnueabihf@4.1.11':
    resolution: {integrity: sha512-ryHQK2eyDYYMwB5wZL46uoxz2zzDZsFBwfjssgB7pzytAeCCa6glsiJGjhTEddq/4OsIjsLNMAiMlHNYnkEEeg==}
    engines: {node: '>= 10'}
    cpu: [arm]
    os: [linux]

  '@tailwindcss/oxide-linux-arm64-gnu@4.1.11':
    resolution: {integrity: sha512-mYwqheq4BXF83j/w75ewkPJmPZIqqP1nhoghS9D57CLjsh3Nfq0m4ftTotRYtGnZd3eCztgbSPJ9QhfC91gDZQ==}
    engines: {node: '>= 10'}
    cpu: [arm64]
    os: [linux]

  '@tailwindcss/oxide-linux-arm64-musl@4.1.11':
    resolution: {integrity: sha512-m/NVRFNGlEHJrNVk3O6I9ggVuNjXHIPoD6bqay/pubtYC9QIdAMpS+cswZQPBLvVvEF6GtSNONbDkZrjWZXYNQ==}
    engines: {node: '>= 10'}
    cpu: [arm64]
    os: [linux]

  '@tailwindcss/oxide-linux-x64-gnu@4.1.11':
    resolution: {integrity: sha512-YW6sblI7xukSD2TdbbaeQVDysIm/UPJtObHJHKxDEcW2exAtY47j52f8jZXkqE1krdnkhCMGqP3dbniu1Te2Fg==}
    engines: {node: '>= 10'}
    cpu: [x64]
    os: [linux]

  '@tailwindcss/oxide-linux-x64-musl@4.1.11':
    resolution: {integrity: sha512-e3C/RRhGunWYNC3aSF7exsQkdXzQ/M+aYuZHKnw4U7KQwTJotnWsGOIVih0s2qQzmEzOFIJ3+xt7iq67K/p56Q==}
    engines: {node: '>= 10'}
    cpu: [x64]
    os: [linux]

  '@tailwindcss/oxide-wasm32-wasi@4.1.11':
    resolution: {integrity: sha512-Xo1+/GU0JEN/C/dvcammKHzeM6NqKovG+6921MR6oadee5XPBaKOumrJCXvopJ/Qb5TH7LX/UAywbqrP4lax0g==}
    engines: {node: '>=14.0.0'}
    cpu: [wasm32]
    bundledDependencies:
      - '@napi-rs/wasm-runtime'
      - '@emnapi/core'
      - '@emnapi/runtime'
      - '@tybys/wasm-util'
      - '@emnapi/wasi-threads'
      - tslib

  '@tailwindcss/oxide-win32-arm64-msvc@4.1.11':
    resolution: {integrity: sha512-UgKYx5PwEKrac3GPNPf6HVMNhUIGuUh4wlDFR2jYYdkX6pL/rn73zTq/4pzUm8fOjAn5L8zDeHp9iXmUGOXZ+w==}
    engines: {node: '>= 10'}
    cpu: [arm64]
    os: [win32]

  '@tailwindcss/oxide-win32-x64-msvc@4.1.11':
    resolution: {integrity: sha512-YfHoggn1j0LK7wR82TOucWc5LDCguHnoS879idHekmmiR7g9HUtMw9MI0NHatS28u/Xlkfi9w5RJWgz2Dl+5Qg==}
    engines: {node: '>= 10'}
    cpu: [x64]
    os: [win32]

  '@tailwindcss/oxide@4.1.11':
    resolution: {integrity: sha512-Q69XzrtAhuyfHo+5/HMgr1lAiPP/G40OMFAnws7xcFEYqcypZmdW8eGXaOUIeOl1dzPJBPENXgbjsOyhg2nkrg==}
    engines: {node: '>= 10'}

  chownr@3.0.0:
    resolution: {integrity: sha512-+IxzY9BZOQd/XuYPRmrvEVjF/nqj5kgT4kEq7VofrDoM1MxoRjEWkrCC3EtLi59TVawxTAn+orJwFQcrqEN1+g==}
    engines: {node: '>=18'}

  detect-libc@2.0.4:
    resolution: {integrity: sha512-3UDv+G9CsCKO1WKMGw9fwq/SWJYbI0c5Y7LU1AXYoDdbhE2AHQ6N6Nb34sG8Fj7T5APy8qXDCKuuIHd1BR0tVA==}
    engines: {node: '>=8'}

  minipass@7.1.2:
    resolution: {integrity: sha512-qOOzS1cBTWYF4BH8fVePDBOO9iptMnGUEZwNc/cMWnTV2nVLZ7VoNWEPHkYczZA0pdoA7dl6e7FL659nX9S2aw==}
    engines: {node: '>=16 || 14 >=14.17'}

  minizlib@3.0.2:
    resolution: {integrity: sha512-oG62iEk+CYt5Xj2YqI5Xi9xWUeZhDI8jjQmC5oThVH5JGCTgIjr7ciJDzC7MBzYd//WvR1OTmP5Q38Q8ShQtVA==}
    engines: {node: '>= 18'}

  mkdirp@3.0.1:
    resolution: {integrity: sha512-+NsyUUAZDmo6YVHzL/stxSu3t9YS1iljliy3BSDrXJ/dkn1KYdmtZODGGjLcc9XLgVVpH4KshHB8XmZgMhaBXg==}
    engines: {node: '>=10'}
    hasBin: true

  tar@7.4.3:
    resolution: {integrity: sha512-5S7Va8hKfV7W5U6g3aYxXmlPoZVAwUMy9AOKyF2fVuZa2UD3qZjg578OrLRt8PcNN1PleVaL/5/yYATNL0ICUw==}
    engines: {node: '>=18'}

  yallist@5.0.0:
    resolution: {integrity: sha512-YgvUTfwqyc7UXVMrB+SImsVYSmTS8X/tSrtdNZMImM+n7+QTriRXyXim0mBrTXNeqzVF0KWGgHPeiyViFFrNDw==}
    engines: {node: '>=18'}

snapshots:

  '@isaacs/fs-minipass@4.0.1':
    dependencies:
      minipass: 7.1.2

  '@tailwindcss/oxide-android-arm64@4.1.11':
    optional: true

  '@tailwindcss/oxide-darwin-arm64@4.1.11':
    optional: true

  '@tailwindcss/oxide-darwin-x64@4.1.11':
    optional: true

  '@tailwindcss/oxide-freebsd-x64@4.1.11':
    optional: true

  '@tailwindcss/oxide-linux-arm-gnueabihf@4.1.11':
    optional: true

  '@tailwindcss/oxide-linux-arm64-gnu@4.1.11':
    optional: true

  '@tailwindcss/oxide-linux-arm64-musl@4.1.11':
    optional: true

  '@tailwindcss/oxide-linux-x64-gnu@4.1.11':
    optional: true

  '@tailwindcss/oxide-linux-x64-musl@4.1.11':
    optional: true

  '@tailwindcss/oxide-wasm32-wasi@4.1.11':
    optional: true

  '@tailwindcss/oxide-win32-arm64-msvc@4.1.11':
    optional: true

  '@tailwindcss/oxide-win32-x64-msvc@4.1.11':
    optional: true

  '@tailwindcss/oxide@4.1.11':
    dependencies:
      detect-libc: 2.0.4
      tar: 7.4.3
    optionalDependencies:
      '@tailwindcss/oxide-android-arm64': 4.1.11
      '@tailwindcss/oxide-darwin-arm64': 4.1.11
      '@tailwindcss/oxide-darwin-x64': 4.1.11
      '@tailwindcss/oxide-freebsd-x64': 4.1.11
      '@tailwindcss/oxide-linux-arm-gnueabihf': 4.1.11
      '@tailwindcss/oxide-linux-arm64-gnu': 4.1.11
      '@tailwindcss/oxide-linux-arm64-musl': 4.1.11
      '@tailwindcss/oxide-linux-x64-gnu': 4.1.11
      '@tailwindcss/oxide-linux-x64-musl': 4.1.11
      '@tailwindcss/oxide-wasm32-wasi': 4.1.11
      '@tailwindcss/oxide-win32-arm64-msvc': 4.1.11
      '@tailwindcss/oxide-win32-x64-msvc': 4.1.11

  chownr@3.0.0: {}

  detect-libc@2.0.4: {}

  minipass@7.1.2: {}

  minizlib@3.0.2:
    dependencies:
      minipass: 7.1.2

  mkdirp@3.0.1: {}

  tar@7.4.3:
    dependencies:
      '@isaacs/fs-minipass': 4.0.1
      chownr: 3.0.0
      minipass: 7.1.2
      minizlib: 3.0.2
      mkdirp: 3.0.1
      yallist: 5.0.0

  yallist@5.0.0: {}
